
Microsoft Visual Studio Solution File, Format Version 12.00
# Visual Studio 15
VisualStudioVersion = 15.0.28307.168
MinimumVisualStudioVersion = 10.0.40219.1
Project("{FAE04EC0-301F-11D3-BF4B-00C04F79EFBC}") = "DatabaseQuery", "DatabaseQuery\DatabaseQuery.csproj", "{A5C67FCC-4273-4785-891C-2A4D76B19320}"
EndProject
Global
	GlobalSection(SolutionConfigurationPlatforms) = preSolution
		Debug|Any CPU = Debug|Any CPU
		Release|Any CPU = Release|Any CPU
	EndGlobalSection
	GlobalSection(ProjectConfigurationPlatforms) = postSolution
		{A5C67FCC-4273-4785-891C-2A4D76B19320}.Debug|Any CPU.ActiveCfg = Debug|Any CPU
		{A5C67FCC-4273-4785-891C-2A4D76B19320}.Debug|Any CPU.Build.0 = Debug|Any CPU
		{A5C67FCC-4273-4785-891C-2A4D76B19320}.Release|Any CPU.ActiveCfg = Release|Any CPU
		{A5C67FCC-4273-4785-891C-2A4D76B19320}.Release|Any CPU.Build.0 = Release|Any CPU
	EndGlobalSection
	GlobalSection(SolutionProperties) = preSolution
		HideSolutionNode = FALSE
	EndGlobalSection
	GlobalSection(ExtensibilityGlobals) = postSolution
		SolutionGuid = {E2CAFF1E-CBE8-4A63-8D83-BB2D3B781741}
	EndGlobalSection
EndGlobal
